
Microsoft Visual Studio Solution File, Format Version 12.00
# Visual Studio Version 17
VisualStudioVersion = 17.4.33403.182
MinimumVisualStudioVersion = 10.0.40219.1
Project("{9A19103F-16F7-4668-BE54-9A1E7A4F7556}") = "StudentRecordManagement", "StudentRecordManagement.csproj", "{809AB6BC-AB73-47C8-ABDB-1C1D67126824}"
EndProject
Project("{9A19103F-16F7-4668-BE54-9A1E7A4F7556}") = "DataAccessLayer", "..\DataAccessLayer\DataAccessLayer.csproj", "{8D07F2F5-184C-4571-8824-D7CA6D0D533F}"
EndProject
Project("{FAE04EC0-301F-11D3-BF4B-00C04F79EFBC}") = "DomainModels", "..\DomainModels\DomainModels.csproj", "{79F8782B-F8B1-4DBB-AECF-1B29A7A51BED}"
EndProject
Project("{FAE04EC0-301F-11D3-BF4B-00C04F79EFBC}") = "WebModels", "..\WebModels\WebModels.csproj", "{7AA4E3F2-37F4-475C-9CB0-4F2E3D11799D}"
EndProject
Project("{FAE04EC0-301F-11D3-BF4B-00C04F79EFBC}") = "Mappers", "..\Mappers\Mappers.csproj", "{B43AF3C9-484D-4ECE-A077-652692916693}"
EndProject
Global
	GlobalSection(SolutionConfigurationPlatforms) = preSolution
		Debug|Any CPU = Debug|Any CPU
		Release|Any CPU = Release|Any CPU
	EndGlobalSection
	GlobalSection(ProjectConfigurationPlatforms) = postSolution
		{809AB6BC-AB73-47C8-ABDB-1C1D67126824}.Debug|Any CPU.ActiveCfg = Debug|Any CPU
		{809AB6BC-AB73-47C8-ABDB-1C1D67126824}.Debug|Any CPU.Build.0 = Debug|Any CPU
		{809AB6BC-AB73-47C8-ABDB-1C1D67126824}.Release|Any CPU.ActiveCfg = Release|Any CPU
		{809AB6BC-AB73-47C8-ABDB-1C1D67126824}.Release|Any CPU.Build.0 = Release|Any CPU
		{8D07F2F5-184C-4571-8824-D7CA6D0D533F}.Debug|Any CPU.ActiveCfg = Debug|Any CPU
		{8D07F2F5-184C-4571-8824-D7CA6D0D533F}.Debug|Any CPU.Build.0 = Debug|Any CPU
		{8D07F2F5-184C-4571-8824-D7CA6D0D533F}.Release|Any CPU.ActiveCfg = Release|Any CPU
		{8D07F2F5-184C-4571-8824-D7CA6D0D533F}.Release|Any CPU.Build.0 = Release|Any CPU
		{79F8782B-F8B1-4DBB-AECF-1B29A7A51BED}.Debug|Any CPU.ActiveCfg = Debug|Any CPU
		{79F8782B-F8B1-4DBB-AECF-1B29A7A51BED}.Debug|Any CPU.Build.0 = Debug|Any CPU
		{79F8782B-F8B1-4DBB-AECF-1B29A7A51BED}.Release|Any CPU.ActiveCfg = Release|Any CPU
		{79F8782B-F8B1-4DBB-AECF-1B29A7A51BED}.Release|Any CPU.Build.0 = Release|Any CPU
		{7AA4E3F2-37F4-475C-9CB0-4F2E3D11799D}.Debug|Any CPU.ActiveCfg = Debug|Any CPU
		{7AA4E3F2-37F4-475C-9CB0-4F2E3D11799D}.Debug|Any CPU.Build.0 = Debug|Any CPU
		{7AA4E3F2-37F4-475C-9CB0-4F2E3D11799D}.Release|Any CPU.ActiveCfg = Release|Any CPU
		{7AA4E3F2-37F4-475C-9CB0-4F2E3D11799D}.Release|Any CPU.Build.0 = Release|Any CPU
		{B43AF3C9-484D-4ECE-A077-652692916693}.Debug|Any CPU.ActiveCfg = Debug|Any CPU
		{B43AF3C9-484D-4ECE-A077-652692916693}.Debug|Any CPU.Build.0 = Debug|Any CPU
		{B43AF3C9-484D-4ECE-A077-652692916693}.Release|Any CPU.ActiveCfg = Release|Any CPU
		{B43AF3C9-484D-4ECE-A077-652692916693}.Release|Any CPU.Build.0 = Release|Any CPU
	EndGlobalSection
	GlobalSection(SolutionProperties) = preSolution
		HideSolutionNode = FALSE
	EndGlobalSection
	GlobalSection(ExtensibilityGlobals) = postSolution
		SolutionGuid = {F6967079-7559-49F4-9F0B-A6F0F9642210}
	EndGlobalSection
EndGlobal
